
Microsoft Visual Studio Solution File, Format Version 12.00
# Visual Studio Version 17
VisualStudioVersion = 17.2.32519.379
MinimumVisualStudioVersion = 10.0.40219.1
Project("{FAE04EC0-301F-11D3-BF4B-00C04F79EFBC}") = "projeit", "projeit\projeit.csproj", "{C7475788-FA65-4150-BB5F-D9DBE92E9B56}"
EndProject
Project("{FAE04EC0-301F-11D3-BF4B-00C04F79EFBC}") = "Core", "Core\Core.csproj", "{FF3F03FC-0FDB-43D8-AEF5-41921B38347A}"
EndProject
Project("{FAE04EC0-301F-11D3-BF4B-00C04F79EFBC}") = "Data", "Data\Data.csproj", "{8B4AA34B-9B22-4E44-9804-C44DA150C7D7}"
EndProject
Project("{FAE04EC0-301F-11D3-BF4B-00C04F79EFBC}") = "Services", "Services\Services.csproj", "{C09EF57E-DD6D-4FAE-A572-2BF1E0CA392B}"
EndProject
Global
	GlobalSection(SolutionConfigurationPlatforms) = preSolution
		Debug|Any CPU = Debug|Any CPU
		Release|Any CPU = Release|Any CPU
	EndGlobalSection
	GlobalSection(ProjectConfigurationPlatforms) = postSolution
		{C7475788-FA65-4150-BB5F-D9DBE92E9B56}.Debug|Any CPU.ActiveCfg = Debug|Any CPU
		{C7475788-FA65-4150-BB5F-D9DBE92E9B56}.Debug|Any CPU.Build.0 = Debug|Any CPU
		{C7475788-FA65-4150-BB5F-D9DBE92E9B56}.Release|Any CPU.ActiveCfg = Release|Any CPU
		{C7475788-FA65-4150-BB5F-D9DBE92E9B56}.Release|Any CPU.Build.0 = Release|Any CPU
		{FF3F03FC-0FDB-43D8-AEF5-41921B38347A}.Debug|Any CPU.ActiveCfg = Debug|Any CPU
		{FF3F03FC-0FDB-43D8-AEF5-41921B38347A}.Debug|Any CPU.Build.0 = Debug|Any CPU
		{FF3F03FC-0FDB-43D8-AEF5-41921B38347A}.Release|Any CPU.ActiveCfg = Release|Any CPU
		{FF3F03FC-0FDB-43D8-AEF5-41921B38347A}.Release|Any CPU.Build.0 = Release|Any CPU
		{8B4AA34B-9B22-4E44-9804-C44DA150C7D7}.Debug|Any CPU.ActiveCfg = Debug|Any CPU
		{8B4AA34B-9B22-4E44-9804-C44DA150C7D7}.Debug|Any CPU.Build.0 = Debug|Any CPU
		{8B4AA34B-9B22-4E44-9804-C44DA150C7D7}.Release|Any CPU.ActiveCfg = Release|Any CPU
		{8B4AA34B-9B22-4E44-9804-C44DA150C7D7}.Release|Any CPU.Build.0 = Release|Any CPU
		{C09EF57E-DD6D-4FAE-A572-2BF1E0CA392B}.Debug|Any CPU.ActiveCfg = Debug|Any CPU
		{C09EF57E-DD6D-4FAE-A572-2BF1E0CA392B}.Debug|Any CPU.Build.0 = Debug|Any CPU
		{C09EF57E-DD6D-4FAE-A572-2BF1E0CA392B}.Release|Any CPU.ActiveCfg = Release|Any CPU
		{C09EF57E-DD6D-4FAE-A572-2BF1E0CA392B}.Release|Any CPU.Build.0 = Release|Any CPU
	EndGlobalSection
	GlobalSection(SolutionProperties) = preSolution
		HideSolutionNode = FALSE
	EndGlobalSection
	GlobalSection(ExtensibilityGlobals) = postSolution
		SolutionGuid = {3FC3A67E-2D42-49A0-A6FA-8A5629B9428B}
	EndGlobalSection
EndGlobal
